
Microsoft Visual Studio Solution File, Format Version 12.00
# Visual Studio Version 17
VisualStudioVersion = 17.1.32421.90
MinimumVisualStudioVersion = 10.0.40219.1
Project("{9A19103F-16F7-4668-BE54-9A1E7A4F7556}") = "Site anime", "AnimeReview\Site anime.csproj", "{E18A6061-EEFA-4698-9EBB-950EBBFCFA0B}"
EndProject
Project("{FAE04EC0-301F-11D3-BF4B-00C04F79EFBC}") = "Site anime.Model", "Site anime.Model\Site anime.Model.csproj", "{4989C857-5A0E-4852-A844-236E5D69C73F}"
EndProject
Global
	GlobalSection(SolutionConfigurationPlatforms) = preSolution
		Debug|Any CPU = Debug|Any CPU
		Release|Any CPU = Release|Any CPU
	EndGlobalSection
	GlobalSection(ProjectConfigurationPlatforms) = postSolution
		{E18A6061-EEFA-4698-9EBB-950EBBFCFA0B}.Debug|Any CPU.ActiveCfg = Debug|Any CPU
		{E18A6061-EEFA-4698-9EBB-950EBBFCFA0B}.Debug|Any CPU.Build.0 = Debug|Any CPU
		{E18A6061-EEFA-4698-9EBB-950EBBFCFA0B}.Release|Any CPU.ActiveCfg = Release|Any CPU
		{E18A6061-EEFA-4698-9EBB-950EBBFCFA0B}.Release|Any CPU.Build.0 = Release|Any CPU
		{4989C857-5A0E-4852-A844-236E5D69C73F}.Debug|Any CPU.ActiveCfg = Debug|Any CPU
		{4989C857-5A0E-4852-A844-236E5D69C73F}.Debug|Any CPU.Build.0 = Debug|Any CPU
		{4989C857-5A0E-4852-A844-236E5D69C73F}.Release|Any CPU.ActiveCfg = Release|Any CPU
		{4989C857-5A0E-4852-A844-236E5D69C73F}.Release|Any CPU.Build.0 = Release|Any CPU
	EndGlobalSection
	GlobalSection(SolutionProperties) = preSolution
		HideSolutionNode = FALSE
	EndGlobalSection
	GlobalSection(ExtensibilityGlobals) = postSolution
		SolutionGuid = {0076A2D3-4A53-4C90-AAAC-0301172CDAEB}
	EndGlobalSection
EndGlobal
